{
    "name": "crm-xml-processor",
    "version": "2.0.0",
    "lockfileVersion": 3,
    "requires": true,
    "packages": {
        "": {
            "name": "crm-xml-processor",
            "version": "2.0.0",
            "dependencies": {
                "adm-zip": "^0.5.17",
                "xmldom": "^0.6.0"
            },
            "bin": {
                "crm-xml-processor": "crm-xml-processor.js"
            }
        },
        "node_modules/adm-zip": {
            "version": "0.5.17",
            "resolved": "https://registry.npmjs.org/adm-zip/-/adm-zip-0.5.17.tgz",
            "integrity": "sha512-+Ut8d9LLqwEvHHJl1+PIHqoyDxFgVN847JTVM3Izi3xHDWPE4UtzzXysMZQs64DMcrJfBeS/uoEP4AD3HQHnQQ==",
            "license": "MIT",
            "engines": {
                "node": ">=12.0"
            }
        },
        "node_modules/xmldom": {
            "version": "0.6.0",
            "resolved": "https://registry.npmjs.org/xmldom/-/xmldom-0.6.0.tgz",
            "integrity": "sha512-iAcin401y58LckRZ0TkI4k0VSM1Qg0KGSc3i8rU+xrxe19A/BN1zHyVSJY7uoutVlaTSzYyk/v5AmkewAP7jtg==",
            "license": "MIT",
            "engines": {
                "node": ">=10.0.0"
            }
        }
    }
}
